
Microsoft Visual Studio Solution File, Format Version 12.00
# Visual Studio Version 17
VisualStudioVersion = 17.14.36623.8 d17.14
MinimumVisualStudioVersion = 10.0.40219.1
Project("{FAE04EC0-301F-11D3-BF4B-00C04F79EFBC}") = "AdminHimchistki", "AdminHimchistki\AdminHimchistki.csproj", "{B9BA2B0F-4CDB-4A7F-A898-CAD79FA7F3C9}"
EndProject
Global
	GlobalSection(SolutionConfigurationPlatforms) = preSolution
		Debug|Any CPU = Debug|Any CPU
		Release|Any CPU = Release|Any CPU
	EndGlobalSection
	GlobalSection(ProjectConfigurationPlatforms) = postSolution
		{B9BA2B0F-4CDB-4A7F-A898-CAD79FA7F3C9}.Debug|Any CPU.ActiveCfg = Debug|Any CPU
		{B9BA2B0F-4CDB-4A7F-A898-CAD79FA7F3C9}.Debug|Any CPU.Build.0 = Debug|Any CPU
		{B9BA2B0F-4CDB-4A7F-A898-CAD79FA7F3C9}.Release|Any CPU.ActiveCfg = Release|Any CPU
		{B9BA2B0F-4CDB-4A7F-A898-CAD79FA7F3C9}.Release|Any CPU.Build.0 = Release|Any CPU
	EndGlobalSection
	GlobalSection(SolutionProperties) = preSolution
		HideSolutionNode = FALSE
	EndGlobalSection
	GlobalSection(ExtensibilityGlobals) = postSolution
		SolutionGuid = {85D0A91D-73BD-4F52-9508-7967676AA054}
	EndGlobalSection
EndGlobal
